
Microsoft Visual Studio Solution File, Format Version 12.00
# Visual Studio Version 17
VisualStudioVersion = 17.2.32630.192
MinimumVisualStudioVersion = 10.0.40219.1
Project("{9A19103F-16F7-4668-BE54-9A1E7A4F7556}") = "MaliyetApi", "MaliyetApi\MaliyetApi.csproj", "{8C7EBF56-630B-4810-8088-385BDE19A5D5}"
EndProject
Project("{9A19103F-16F7-4668-BE54-9A1E7A4F7556}") = "MaliyetDataAccess", "MaliyetDataAccess\MaliyetDataAccess.csproj", "{55312D0C-ECFD-4221-AF24-5FB7310CC610}"
EndProject
Project("{9A19103F-16F7-4668-BE54-9A1E7A4F7556}") = "MaliyetBusiness", "MaliyetBusiness\MaliyetBusiness.csproj", "{77DA8E7E-EEFA-4311-8035-411504C770BF}"
EndProject
Project("{9A19103F-16F7-4668-BE54-9A1E7A4F7556}") = "MaliyetEntities", "MaliyetEntities\MaliyetEntities.csproj", "{11206DBF-1917-4CE8-93B9-D900F8093116}"
EndProject
Project("{9A19103F-16F7-4668-BE54-9A1E7A4F7556}") = "MaliyetCore", "MaliyetCore\MaliyetCore.csproj", "{75896CC0-1FBE-493E-A49B-224830A7C3B3}"
EndProject
Project("{FAE04EC0-301F-11D3-BF4B-00C04F79EFBC}") = "MVCUI", "MVCUI\MVCUI.csproj", "{CD423271-76C7-455E-9313-71B5AEB904B4}"
EndProject
Global
	GlobalSection(SolutionConfigurationPlatforms) = preSolution
		Debug|Any CPU = Debug|Any CPU
		Release|Any CPU = Release|Any CPU
	EndGlobalSection
	GlobalSection(ProjectConfigurationPlatforms) = postSolution
		{8C7EBF56-630B-4810-8088-385BDE19A5D5}.Debug|Any CPU.ActiveCfg = Debug|Any CPU
		{8C7EBF56-630B-4810-8088-385BDE19A5D5}.Debug|Any CPU.Build.0 = Debug|Any CPU
		{8C7EBF56-630B-4810-8088-385BDE19A5D5}.Release|Any CPU.ActiveCfg = Debug|Any CPU
		{8C7EBF56-630B-4810-8088-385BDE19A5D5}.Release|Any CPU.Build.0 = Debug|Any CPU
		{55312D0C-ECFD-4221-AF24-5FB7310CC610}.Debug|Any CPU.ActiveCfg = Debug|Any CPU
		{55312D0C-ECFD-4221-AF24-5FB7310CC610}.Debug|Any CPU.Build.0 = Debug|Any CPU
		{55312D0C-ECFD-4221-AF24-5FB7310CC610}.Release|Any CPU.ActiveCfg = Debug|Any CPU
		{55312D0C-ECFD-4221-AF24-5FB7310CC610}.Release|Any CPU.Build.0 = Debug|Any CPU
		{77DA8E7E-EEFA-4311-8035-411504C770BF}.Debug|Any CPU.ActiveCfg = Debug|Any CPU
		{77DA8E7E-EEFA-4311-8035-411504C770BF}.Debug|Any CPU.Build.0 = Debug|Any CPU
		{77DA8E7E-EEFA-4311-8035-411504C770BF}.Release|Any CPU.ActiveCfg = Debug|Any CPU
		{77DA8E7E-EEFA-4311-8035-411504C770BF}.Release|Any CPU.Build.0 = Debug|Any CPU
		{11206DBF-1917-4CE8-93B9-D900F8093116}.Debug|Any CPU.ActiveCfg = Debug|Any CPU
		{11206DBF-1917-4CE8-93B9-D900F8093116}.Debug|Any CPU.Build.0 = Debug|Any CPU
		{11206DBF-1917-4CE8-93B9-D900F8093116}.Release|Any CPU.ActiveCfg = Debug|Any CPU
		{11206DBF-1917-4CE8-93B9-D900F8093116}.Release|Any CPU.Build.0 = Debug|Any CPU
		{75896CC0-1FBE-493E-A49B-224830A7C3B3}.Debug|Any CPU.ActiveCfg = Debug|Any CPU
		{75896CC0-1FBE-493E-A49B-224830A7C3B3}.Debug|Any CPU.Build.0 = Debug|Any CPU
		{75896CC0-1FBE-493E-A49B-224830A7C3B3}.Release|Any CPU.ActiveCfg = Debug|Any CPU
		{75896CC0-1FBE-493E-A49B-224830A7C3B3}.Release|Any CPU.Build.0 = Debug|Any CPU
		{CD423271-76C7-455E-9313-71B5AEB904B4}.Debug|Any CPU.ActiveCfg = Debug|Any CPU
		{CD423271-76C7-455E-9313-71B5AEB904B4}.Debug|Any CPU.Build.0 = Debug|Any CPU
		{CD423271-76C7-455E-9313-71B5AEB904B4}.Release|Any CPU.ActiveCfg = Release|Any CPU
		{CD423271-76C7-455E-9313-71B5AEB904B4}.Release|Any CPU.Build.0 = Release|Any CPU
	EndGlobalSection
	GlobalSection(SolutionProperties) = preSolution
		HideSolutionNode = FALSE
	EndGlobalSection
	GlobalSection(ExtensibilityGlobals) = postSolution
		SolutionGuid = {38045CBC-888F-4BEE-88A8-16289532402C}
	EndGlobalSection
EndGlobal
